
Microsoft Visual Studio Solution File, Format Version 12.00
# Visual Studio Version 17
VisualStudioVersion = 17.4.33213.308
MinimumVisualStudioVersion = 10.0.40219.1
Project("{FAE04EC0-301F-11D3-BF4B-00C04F79EFBC}") = "NguyenTranKimDung_2080600208_THWebB3", "NguyenTranKimDung_2080600208_THWebB3\NguyenTranKimDung_2080600208_THWebB3.csproj", "{24972759-E769-46A8-95ED-9FB81D282F2B}"
EndProject
Global
	GlobalSection(SolutionConfigurationPlatforms) = preSolution
		Debug|Any CPU = Debug|Any CPU
		Release|Any CPU = Release|Any CPU
	EndGlobalSection
	GlobalSection(ProjectConfigurationPlatforms) = postSolution
		{24972759-E769-46A8-95ED-9FB81D282F2B}.Debug|Any CPU.ActiveCfg = Debug|Any CPU
		{24972759-E769-46A8-95ED-9FB81D282F2B}.Debug|Any CPU.Build.0 = Debug|Any CPU
		{24972759-E769-46A8-95ED-9FB81D282F2B}.Release|Any CPU.ActiveCfg = Release|Any CPU
		{24972759-E769-46A8-95ED-9FB81D282F2B}.Release|Any CPU.Build.0 = Release|Any CPU
	EndGlobalSection
	GlobalSection(SolutionProperties) = preSolution
		HideSolutionNode = FALSE
	EndGlobalSection
	GlobalSection(ExtensibilityGlobals) = postSolution
		SolutionGuid = {693CB035-EE41-4F63-9872-3CAB3EFB4AE6}
	EndGlobalSection
EndGlobal
